
Microsoft Visual Studio Solution File, Format Version 12.00
# Visual Studio Version 17
VisualStudioVersion = 17.1.32210.238
MinimumVisualStudioVersion = 10.0.40219.1
Project("{9A19103F-16F7-4668-BE54-9A1E7A4F7556}") = "Data", "Data\Data.csproj", "{47DBE169-AD4C-4629-9D2D-BDEC0F461976}"
EndProject
Project("{9A19103F-16F7-4668-BE54-9A1E7A4F7556}") = "Business", "Business\Business.csproj", "{60A72A07-BDC1-4685-BAB6-13EF34310409}"
EndProject
Project("{9A19103F-16F7-4668-BE54-9A1E7A4F7556}") = "MLibDb", "MLibDb\MLibDb.csproj", "{D52414F1-6C9F-4455-930B-CA36724F9037}"
EndProject
Project("{FAE04EC0-301F-11D3-BF4B-00C04F79EFBC}") = "MLibUI", "MLibUI\MLibUI.csproj", "{4F69CFC2-167F-4008-88BB-0231A35469BC}"
EndProject
Global
	GlobalSection(SolutionConfigurationPlatforms) = preSolution
		Debug|Any CPU = Debug|Any CPU
		Release|Any CPU = Release|Any CPU
	EndGlobalSection
	GlobalSection(ProjectConfigurationPlatforms) = postSolution
		{47DBE169-AD4C-4629-9D2D-BDEC0F461976}.Debug|Any CPU.ActiveCfg = Debug|Any CPU
		{47DBE169-AD4C-4629-9D2D-BDEC0F461976}.Debug|Any CPU.Build.0 = Debug|Any CPU
		{47DBE169-AD4C-4629-9D2D-BDEC0F461976}.Release|Any CPU.ActiveCfg = Release|Any CPU
		{47DBE169-AD4C-4629-9D2D-BDEC0F461976}.Release|Any CPU.Build.0 = Release|Any CPU
		{60A72A07-BDC1-4685-BAB6-13EF34310409}.Debug|Any CPU.ActiveCfg = Debug|Any CPU
		{60A72A07-BDC1-4685-BAB6-13EF34310409}.Debug|Any CPU.Build.0 = Debug|Any CPU
		{60A72A07-BDC1-4685-BAB6-13EF34310409}.Release|Any CPU.ActiveCfg = Release|Any CPU
		{60A72A07-BDC1-4685-BAB6-13EF34310409}.Release|Any CPU.Build.0 = Release|Any CPU
		{D52414F1-6C9F-4455-930B-CA36724F9037}.Debug|Any CPU.ActiveCfg = Debug|Any CPU
		{D52414F1-6C9F-4455-930B-CA36724F9037}.Debug|Any CPU.Build.0 = Debug|Any CPU
		{D52414F1-6C9F-4455-930B-CA36724F9037}.Release|Any CPU.ActiveCfg = Release|Any CPU
		{D52414F1-6C9F-4455-930B-CA36724F9037}.Release|Any CPU.Build.0 = Release|Any CPU
		{4F69CFC2-167F-4008-88BB-0231A35469BC}.Debug|Any CPU.ActiveCfg = Debug|Any CPU
		{4F69CFC2-167F-4008-88BB-0231A35469BC}.Debug|Any CPU.Build.0 = Debug|Any CPU
		{4F69CFC2-167F-4008-88BB-0231A35469BC}.Release|Any CPU.ActiveCfg = Release|Any CPU
		{4F69CFC2-167F-4008-88BB-0231A35469BC}.Release|Any CPU.Build.0 = Release|Any CPU
	EndGlobalSection
	GlobalSection(SolutionProperties) = preSolution
		HideSolutionNode = FALSE
	EndGlobalSection
	GlobalSection(ExtensibilityGlobals) = postSolution
		SolutionGuid = {94815E2D-ECCD-462A-8B34-F024F76D821B}
	EndGlobalSection
EndGlobal
